
Microsoft Visual Studio Solution File, Format Version 12.00
# Visual Studio Version 17
VisualStudioVersion = 17.3.32922.545
MinimumVisualStudioVersion = 10.0.40219.1
Project("{FAE04EC0-301F-11D3-BF4B-00C04F79EFBC}") = "VersionComparator", "VersionComparator.csproj", "{084B1C53-3998-465E-BCE0-90B2497D905F}"
EndProject
Project("{FAE04EC0-301F-11D3-BF4B-00C04F79EFBC}") = "CompareVersionTest", "..\CompareVersionTest\CompareVersionTest.csproj", "{9E0D2D44-8F73-484F-A6EF-722E7719C114}"
EndProject
Global
	GlobalSection(SolutionConfigurationPlatforms) = preSolution
		Debug|Any CPU = Debug|Any CPU
		Release|Any CPU = Release|Any CPU
	EndGlobalSection
	GlobalSection(ProjectConfigurationPlatforms) = postSolution
		{084B1C53-3998-465E-BCE0-90B2497D905F}.Debug|Any CPU.ActiveCfg = Debug|Any CPU
		{084B1C53-3998-465E-BCE0-90B2497D905F}.Debug|Any CPU.Build.0 = Debug|Any CPU
		{084B1C53-3998-465E-BCE0-90B2497D905F}.Release|Any CPU.ActiveCfg = Release|Any CPU
		{084B1C53-3998-465E-BCE0-90B2497D905F}.Release|Any CPU.Build.0 = Release|Any CPU
		{9E0D2D44-8F73-484F-A6EF-722E7719C114}.Debug|Any CPU.ActiveCfg = Debug|Any CPU
		{9E0D2D44-8F73-484F-A6EF-722E7719C114}.Debug|Any CPU.Build.0 = Debug|Any CPU
		{9E0D2D44-8F73-484F-A6EF-722E7719C114}.Release|Any CPU.ActiveCfg = Release|Any CPU
		{9E0D2D44-8F73-484F-A6EF-722E7719C114}.Release|Any CPU.Build.0 = Release|Any CPU
	EndGlobalSection
	GlobalSection(SolutionProperties) = preSolution
		HideSolutionNode = FALSE
	EndGlobalSection
	GlobalSection(ExtensibilityGlobals) = postSolution
		SolutionGuid = {5F567CB3-F979-40FD-8030-8DD6DBAD2428}
	EndGlobalSection
EndGlobal
